
Microsoft Visual Studio Solution File, Format Version 12.00
# Visual Studio 15
VisualStudioVersion = 15.0.28010.2016
MinimumVisualStudioVersion = 10.0.40219.1
Project("{FAE04EC0-301F-11D3-BF4B-00C04F79EFBC}") = "cs321_hw2", "cs321_hw2\cs321_hw2.csproj", "{C251F0B9-FB78-49D6-BD85-BB99812F502A}"
EndProject
Global
	GlobalSection(SolutionConfigurationPlatforms) = preSolution
		Debug|Any CPU = Debug|Any CPU
		Release|Any CPU = Release|Any CPU
	EndGlobalSection
	GlobalSection(ProjectConfigurationPlatforms) = postSolution
		{C251F0B9-FB78-49D6-BD85-BB99812F502A}.Debug|Any CPU.ActiveCfg = Debug|Any CPU
		{C251F0B9-FB78-49D6-BD85-BB99812F502A}.Debug|Any CPU.Build.0 = Debug|Any CPU
		{C251F0B9-FB78-49D6-BD85-BB99812F502A}.Release|Any CPU.ActiveCfg = Release|Any CPU
		{C251F0B9-FB78-49D6-BD85-BB99812F502A}.Release|Any CPU.Build.0 = Release|Any CPU
	EndGlobalSection
	GlobalSection(SolutionProperties) = preSolution
		HideSolutionNode = FALSE
	EndGlobalSection
	GlobalSection(ExtensibilityGlobals) = postSolution
		SolutionGuid = {09F4323C-911E-4F5D-B114-5FE5BA68D90C}
	EndGlobalSection
EndGlobal
